Microsoft Visual Studio Solution File, Format Version 12.00
# Visual Studio 2012
Project("{FAE04EC0-301F-11D3-BF4B-00C04F79EFBC}") = "First Godot Gamin", "First Godot Gamin.csproj", "{9B4E7185-2283-445B-87A3-69D6E16EAA0E}"
EndProject
Global
	GlobalSection(SolutionConfigurationPlatforms) = preSolution
	Debug|Any CPU = Debug|Any CPU
	ExportDebug|Any CPU = ExportDebug|Any CPU
	ExportRelease|Any CPU = ExportRelease|Any CPU
	EndGlobalSection
	GlobalSection(ProjectConfigurationPlatforms) = postSolution
		{9B4E7185-2283-445B-87A3-69D6E16EAA0E}.Debug|Any CPU.ActiveCfg = Debug|Any CPU
		{9B4E7185-2283-445B-87A3-69D6E16EAA0E}.Debug|Any CPU.Build.0 = Debug|Any CPU
		{9B4E7185-2283-445B-87A3-69D6E16EAA0E}.ExportDebug|Any CPU.ActiveCfg = ExportDebug|Any CPU
		{9B4E7185-2283-445B-87A3-69D6E16EAA0E}.ExportDebug|Any CPU.Build.0 = ExportDebug|Any CPU
		{9B4E7185-2283-445B-87A3-69D6E16EAA0E}.ExportRelease|Any CPU.ActiveCfg = ExportRelease|Any CPU
		{9B4E7185-2283-445B-87A3-69D6E16EAA0E}.ExportRelease|Any CPU.Build.0 = ExportRelease|Any CPU
	EndGlobalSection
EndGlobal
